
Microsoft Visual Studio Solution File, Format Version 12.00
# Visual Studio Version 17
VisualStudioVersion = 17.8.34309.116
MinimumVisualStudioVersion = 10.0.40219.1
Project("{FAE04EC0-301F-11D3-BF4B-00C04F79EFBC}") = "Foody.EntityLayer", "Foody.EntityLayer\Foody.EntityLayer.csproj", "{75DCC754-1190-4A15-B700-8D2299A21446}"
EndProject
Global
	GlobalSection(SolutionConfigurationPlatforms) = preSolution
		Debug|Any CPU = Debug|Any CPU
		Release|Any CPU = Release|Any CPU
	EndGlobalSection
	GlobalSection(ProjectConfigurationPlatforms) = postSolution
		{75DCC754-1190-4A15-B700-8D2299A21446}.Debug|Any CPU.ActiveCfg = Debug|Any CPU
		{75DCC754-1190-4A15-B700-8D2299A21446}.Debug|Any CPU.Build.0 = Debug|Any CPU
		{75DCC754-1190-4A15-B700-8D2299A21446}.Release|Any CPU.ActiveCfg = Release|Any CPU
		{75DCC754-1190-4A15-B700-8D2299A21446}.Release|Any CPU.Build.0 = Release|Any CPU
	EndGlobalSection
	GlobalSection(SolutionProperties) = preSolution
		HideSolutionNode = FALSE
	EndGlobalSection
	GlobalSection(ExtensibilityGlobals) = postSolution
		SolutionGuid = {FFE6EF2C-A12D-43A2-96D7-F858965B0FB6}
	EndGlobalSection
EndGlobal
